// !$*UTF8*$!
{
	archiveVersion = 1;
	classes = {
	};
	objectVersion = 46;
	objects = {

/* Begin PBXBuildFile section */
		0C28E67A1A776CC6006A2EE8 /* HeightAndWeightVC.m in Sources */ = {isa = PBXBuildFile; fileRef = 0C28E6791A776CC6006A2EE8 /* HeightAndWeightVC.m */; };
		0C28E67D1A77981D006A2EE8 /* BirthdayDateVC.m in Sources */ = {isa = PBXBuildFile; fileRef = 0C28E67C1A77981D006A2EE8 /* BirthdayDateVC.m */; };
		0C9021481A7B550400740536 /* ChangeWeightAndHeightVC.m in Sources */ = {isa = PBXBuildFile; fileRef = 0C9021471A7B550400740536 /* ChangeWeightAndHeightVC.m */; };
		2C2D8B4E1A7A207300A93D57 /* TimePickerView.m in Sources */ = {isa = PBXBuildFile; fileRef = 2C2D8B4D1A7A207300A93D57 /* TimePickerView.m */; };
		2C55F07F1A77A9BB0077189D /* JifenDetailViewController.m in Sources */ = {isa = PBXBuildFile; fileRef = 2C55F07E1A77A9BB0077189D /* JifenDetailViewController.m */; };
		2C55F0821A77AC1C0077189D /* JifenTableViewCell.m in Sources */ = {isa = PBXBuildFile; fileRef = 2C55F0811A77AC1C0077189D /* JifenTableViewCell.m */; };
		2C55F0851A77ADAC0077189D /* TrainingEventsViewController.m in Sources */ = {isa = PBXBuildFile; fileRef = 2C55F0841A77ADAC0077189D /* TrainingEventsViewController.m */; };
		2C55F0881A77B1530077189D /* TrainingEventsTableViewCell.m in Sources */ = {isa = PBXBuildFile; fileRef = 2C55F0871A77B1530077189D /* TrainingEventsTableViewCell.m */; };
		2CAC1F3A1A78AFEA00DA4292 /* TwoLabelTableViewCell.m in Sources */ = {isa = PBXBuildFile; fileRef = 2CAC1F391A78AFEA00DA4292 /* TwoLabelTableViewCell.m */; };
		2CAC1F3F1A78C0D200DA4292 /* PaimingTableViewCell.m in Sources */ = {isa = PBXBuildFile; fileRef = 2CAC1F3E1A78C0D200DA4292 /* PaimingTableViewCell.m */; };
		2CAC1F421A78C15400DA4292 /* RankingViewController.m in Sources */ = {isa = PBXBuildFile; fileRef = 2CAC1F411A78C15400DA4292 /* RankingViewController.m */; };
		2CAC1F451A78C6F100DA4292 /* ThreeLabelTableViewCell.m in Sources */ = {isa = PBXBuildFile; fileRef = 2CAC1F441A78C6F100DA4292 /* ThreeLabelTableViewCell.m */; };
		2CAC1F4E1A78E1DA00DA4292 /* ChangePlanViewController.m in Sources */ = {isa = PBXBuildFile; fileRef = 2CAC1F4D1A78E1DA00DA4292 /* ChangePlanViewController.m */; };
		2CAC1F521A78E41F00DA4292 /* MBPickerView.m in Sources */ = {isa = PBXBuildFile; fileRef = 2CAC1F511A78E41F00DA4292 /* MBPickerView.m */; };
		2CE5DE6F1A806B72003AB0EB /* PersonalRecordTableViewController.m in Sources */ = {isa = PBXBuildFile; fileRef = 2CE5DE6E1A806B72003AB0EB /* PersonalRecordTableViewController.m */; };
		4D2D26005B7E6134011AAE39 /* libPods-iSwim.a in Frameworks */ = {isa = PBXBuildFile; fileRef = BDB6D6BDC0E11EBBE26CA79E /* libPods-iSwim.a */; };
		7C320A661A775C890023DD06 /* LoginAndRegistVC.m in Sources */ = {isa = PBXBuildFile; fileRef = 7C320A5F1A775C890023DD06 /* LoginAndRegistVC.m */; };
		7C320A671A775C890023DD06 /* NameAndEmailVC.m in Sources */ = {isa = PBXBuildFile; fileRef = 7C320A611A775C890023DD06 /* NameAndEmailVC.m */; };
		7C320A681A775C890023DD06 /* PasswordVC.m in Sources */ = {isa = PBXBuildFile; fileRef = 7C320A631A775C890023DD06 /* PasswordVC.m */; };
		7C320A691A775C890023DD06 /* PersonInfoVC.m in Sources */ = {isa = PBXBuildFile; fileRef = 7C320A651A775C890023DD06 /* PersonInfoVC.m */; };
		7C320A6C1A7794AC0023DD06 /* CropImageViewController.m in Sources */ = {isa = PBXBuildFile; fileRef = 7C320A6B1A7794AC0023DD06 /* CropImageViewController.m */; };
		7C320A721A7795610023DD06 /* KICropImageView.m in Sources */ = {isa = PBXBuildFile; fileRef = 7C320A6F1A7795610023DD06 /* KICropImageView.m */; };
		7C320A731A7795610023DD06 /* UIImage+KIAdditions.m in Sources */ = {isa = PBXBuildFile; fileRef = 7C320A711A7795610023DD06 /* UIImage+KIAdditions.m */; };
		7CAB6B451A75DF46000C6F99 /* main.m in Sources */ = {isa = PBXBuildFile; fileRef = 7CAB6B441A75DF46000C6F99 /* main.m */; };
		7CAB6B481A75DF46000C6F99 /* AppDelegate.m in Sources */ = {isa = PBXBuildFile; fileRef = 7CAB6B471A75DF46000C6F99 /* AppDelegate.m */; };
		7CAB6B4E1A75DF46000C6F99 /* Main.storyboard in Resources */ = {isa = PBXBuildFile; fileRef = 7CAB6B4C1A75DF46000C6F99 /* Main.storyboard */; };
		7CAB6B501A75DF46000C6F99 /* Images.xcassets in Resources */ = {isa = PBXBuildFile; fileRef = 7CAB6B4F1A75DF46000C6F99 /* Images.xcassets */; };
		7CAB6B531A75DF46000C6F99 /* LaunchScreen.xib in Resources */ = {isa = PBXBuildFile; fileRef = 7CAB6B511A75DF46000C6F99 /* LaunchScreen.xib */; };
		7CAB6B691A75DF5E000C6F99 /* Records.storyboard in Resources */ = {isa = PBXBuildFile; fileRef = 7CAB6B681A75DF5E000C6F99 /* Records.storyboard */; };
		7CC677781A763DE600FD3287 /* MBLineChart.m in Sources */ = {isa = PBXBuildFile; fileRef = 7CC677771A763DE600FD3287 /* MBLineChart.m */; };
		7CC6777A1A763E4800FD3287 /* Graph.storyboard in Resources */ = {isa = PBXBuildFile; fileRef = 7CC677791A763E4800FD3287 /* Graph.storyboard */; };
		7CC6777D1A763E6400FD3287 /* GraphViewController.m in Sources */ = {isa = PBXBuildFile; fileRef = 7CC6777C1A763E6400FD3287 /* GraphViewController.m */; };
		7CC677941A77515B00FD3287 /* BasicInfomationViewController.m in Sources */ = {isa = PBXBuildFile; fileRef = 7CC677811A77515B00FD3287 /* BasicInfomationViewController.m */; };
		7CC677951A77515B00FD3287 /* BasicInfoViewCell.m in Sources */ = {isa = PBXBuildFile; fileRef = 7CC677831A77515B00FD3287 /* BasicInfoViewCell.m */; };
		7CC677971A77515B00FD3287 /* ScoreDetailViewController.m in Sources */ = {isa = PBXBuildFile; fileRef = 7CC677871A77515B00FD3287 /* ScoreDetailViewController.m */; };
		7CC677981A77515B00FD3287 /* ThisBestDetailTableViewCell.m in Sources */ = {isa = PBXBuildFile; fileRef = 7CC677891A77515B00FD3287 /* ThisBestDetailTableViewCell.m */; };
		7CC677991A77515B00FD3287 /* ThisBestHeadTableViewCell.m in Sources */ = {isa = PBXBuildFile; fileRef = 7CC6778B1A77515B00FD3287 /* ThisBestHeadTableViewCell.m */; };
		7CC6779A1A77515B00FD3287 /* ThisBestRecordViewController.m in Sources */ = {isa = PBXBuildFile; fileRef = 7CC6778D1A77515B00FD3287 /* ThisBestRecordViewController.m */; };
		7CC6779B1A77515B00FD3287 /* TrainingDetailViewController.m in Sources */ = {isa = PBXBuildFile; fileRef = 7CC6778F1A77515B00FD3287 /* TrainingDetailViewController.m */; };
		7CC6779C1A77515B00FD3287 /* TrainingPlanTableViewCell.m in Sources */ = {isa = PBXBuildFile; fileRef = 7CC677911A77515B00FD3287 /* TrainingPlanTableViewCell.m */; };
		7CC6779D1A77515B00FD3287 /* TrainingPlanViewController.m in Sources */ = {isa = PBXBuildFile; fileRef = 7CC677931A77515B00FD3287 /* TrainingPlanViewController.m */; };
		7CDEF59B1A7B0DBB006FF48D /* MainViewController.m in Sources */ = {isa = PBXBuildFile; fileRef = 7CDEF59A1A7B0DBB006FF48D /* MainViewController.m */; };
		7CDEF59E1A7B2743006FF48D /* MyRecordViewController.m in Sources */ = {isa = PBXBuildFile; fileRef = 7CDEF59D1A7B2743006FF48D /* MyRecordViewController.m */; };
		7CDEF5A11A7B28AA006FF48D /* PointsViewController.m in Sources */ = {isa = PBXBuildFile; fileRef = 7CDEF5A01A7B28AA006FF48D /* PointsViewController.m */; };
		7CDEF5A71A7B2A79006FF48D /* TrainingRecordsViewController.m in Sources */ = {isa = PBXBuildFile; fileRef = 7CDEF5A61A7B2A79006FF48D /* TrainingRecordsViewController.m */; };
		7CEB269A1A805B88003221E0 /* HttpJsonManager.m in Sources */ = {isa = PBXBuildFile; fileRef = 7CEB26991A805B88003221E0 /* HttpJsonManager.m */; };
		7CEB269E1A805BBB003221E0 /* XMProgressHUD.m in Sources */ = {isa = PBXBuildFile; fileRef = 7CEB269D1A805BBB003221E0 /* XMProgressHUD.m */; };
/* End PBXBuildFile section */

/* Begin PBXFileReference section */
		0A0530D33D4464C20001A680 /* Pods-iSwim.debug.xcconfig */ = {isa = PBXFileReference; includeInIndex = 1; lastKnownFileType = text.xcconfig; name = "Pods-iSwim.debug.xcconfig"; path = "Pods/Target Support Files/Pods-iSwim/Pods-iSwim.debug.xcconfig"; sourceTree = "<group>"; };
		0C28E6781A776CC6006A2EE8 /* HeightAndWeightVC.h */ = {isa = PBXFileReference; fileEncoding = 4; lastKnownFileType = sourcecode.c.h; path = HeightAndWeightVC.h; sourceTree = "<group>"; };
		0C28E6791A776CC6006A2EE8 /* HeightAndWeightVC.m */ = {isa = PBXFileReference; fileEncoding = 4; lastKnownFileType = sourcecode.c.objc; path = HeightAndWeightVC.m; sourceTree = "<group>"; };
		0C28E67B1A77981D006A2EE8 /* BirthdayDateVC.h */ = {isa = PBXFileReference; fileEncoding = 4; lastKnownFileType = sourcecode.c.h; path = BirthdayDateVC.h; sourceTree = "<group>"; };
		0C28E67C1A77981D006A2EE8 /* BirthdayDateVC.m */ = {isa = PBXFileReference; fileEncoding = 4; lastKnownFileType = sourcecode.c.objc; path = BirthdayDateVC.m; sourceTree = "<group>"; };
		0C9021461A7B550400740536 /* ChangeWeightAndHeightVC.h */ = {isa = PBXFileReference; fileEncoding = 4; lastKnownFileType = sourcecode.c.h; path = ChangeWeightAndHeightVC.h; sourceTree = "<group>"; };
		0C9021471A7B550400740536 /* ChangeWeightAndHeightVC.m */ = {isa = PBXFileReference; fileEncoding = 4; lastKnownFileType = sourcecode.c.objc; path = ChangeWeightAndHeightVC.m; sourceTree = "<group>"; };
		0CD7EE091A80664C00AD24DC /* Header.h */ = {isa = PBXFileReference; lastKnownFileType = sourcecode.c.h; name = Header.h; path = iSwim/Header.h; sourceTree = "<group>"; };
		2C2D8B4C1A7A207300A93D57 /* TimePickerView.h */ = {isa = PBXFileReference; fileEncoding = 4; lastKnownFileType = sourcecode.c.h; path = TimePickerView.h; sourceTree = "<group>"; };
		2C2D8B4D1A7A207300A93D57 /* TimePickerView.m */ = {isa = PBXFileReference; fileEncoding = 4; lastKnownFileType = sourcecode.c.objc; path = TimePickerView.m; sourceTree = "<group>"; };
		2C55F07D1A77A9BB0077189D /* JifenDetailViewController.h */ = {isa = PBXFileReference; fileEncoding = 4; lastKnownFileType = sourcecode.c.h; path = JifenDetailViewController.h; sourceTree = "<group>"; };
		2C55F07E1A77A9BB0077189D /* JifenDetailViewController.m */ = {isa = PBXFileReference; fileEncoding = 4; lastKnownFileType = sourcecode.c.objc; path = JifenDetailViewController.m; sourceTree = "<group>"; };
		2C55F0801A77AC1C0077189D /* JifenTableViewCell.h */ = {isa = PBXFileReference; fileEncoding = 4; lastKnownFileType = sourcecode.c.h; path = JifenTableViewCell.h; sourceTree = "<group>"; };
		2C55F0811A77AC1C0077189D /* JifenTableViewCell.m */ = {isa = PBXFileReference; fileEncoding = 4; lastKnownFileType = sourcecode.c.objc; path = JifenTableViewCell.m; sourceTree = "<group>"; };
		2C55F0831A77ADAC0077189D /* TrainingEventsViewController.h */ = {isa = PBXFileReference; fileEncoding = 4; lastKnownFileType = sourcecode.c.h; path = TrainingEventsViewController.h; sourceTree = "<group>"; };
		2C55F0841A77ADAC0077189D /* TrainingEventsViewController.m */ = {isa = PBXFileReference; fileEncoding = 4; lastKnownFileType = sourcecode.c.objc; path = TrainingEventsViewController.m; sourceTree = "<group>"; };
		2C55F0861A77B1530077189D /* TrainingEventsTableViewCell.h */ = {isa = PBXFileReference; fileEncoding = 4; lastKnownFileType = sourcecode.c.h; path = TrainingEventsTableViewCell.h; sourceTree = "<group>"; };
		2C55F0871A77B1530077189D /* TrainingEventsTableViewCell.m */ = {isa = PBXFileReference; fileEncoding = 4; lastKnownFileType = sourcecode.c.objc; path = TrainingEventsTableViewCell.m; sourceTree = "<group>"; };
		2CAC1F381A78AFEA00DA4292 /* TwoLabelTableViewCell.h */ = {isa = PBXFileReference; fileEncoding = 4; lastKnownFileType = sourcecode.c.h; path = TwoLabelTableViewCell.h; sourceTree = "<group>"; };
		2CAC1F391A78AFEA00DA4292 /* TwoLabelTableViewCell.m */ = {isa = PBXFileReference; fileEncoding = 4; lastKnownFileType = sourcecode.c.objc; path = TwoLabelTableViewCell.m; sourceTree = "<group>"; };
		2CAC1F3D1A78C0D200DA4292 /* PaimingTableViewCell.h */ = {isa = PBXFileReference; fileEncoding = 4; lastKnownFileType = sourcecode.c.h; path = PaimingTableViewCell.h; sourceTree = "<group>"; };
		2CAC1F3E1A78C0D200DA4292 /* PaimingTableViewCell.m */ = {isa = PBXFileReference; fileEncoding = 4; lastKnownFileType = sourcecode.c.objc; path = PaimingTableViewCell.m; sourceTree = "<group>"; };
		2CAC1F401A78C15400DA4292 /* RankingViewController.h */ = {isa = PBXFileReference; fileEncoding = 4; lastKnownFileType = sourcecode.c.h; path = RankingViewController.h; sourceTree = "<group>"; };
		2CAC1F411A78C15400DA4292 /* RankingViewController.m */ = {isa = PBXFileReference; fileEncoding = 4; lastKnownFileType = sourcecode.c.objc; path = RankingViewController.m; sourceTree = "<group>"; };
		2CAC1F431A78C6F100DA4292 /* ThreeLabelTableViewCell.h */ = {isa = PBXFileReference; fileEncoding = 4; lastKnownFileType = sourcecode.c.h; path = ThreeLabelTableViewCell.h; sourceTree = "<group>"; };
		2CAC1F441A78C6F100DA4292 /* ThreeLabelTableViewCell.m */ = {isa = PBXFileReference; fileEncoding = 4; lastKnownFileType = sourcecode.c.objc; path = ThreeLabelTableViewCell.m; sourceTree = "<group>"; };
		2CAC1F4C1A78E1DA00DA4292 /* ChangePlanViewController.h */ = {isa = PBXFileReference; fileEncoding = 4; lastKnownFileType = sourcecode.c.h; path = ChangePlanViewController.h; sourceTree = "<group>"; };
		2CAC1F4D1A78E1DA00DA4292 /* ChangePlanViewController.m */ = {isa = PBXFileReference; fileEncoding = 4; lastKnownFileType = sourcecode.c.objc; path = ChangePlanViewController.m; sourceTree = "<group>"; };
		2CAC1F501A78E41F00DA4292 /* MBPickerView.h */ = {isa = PBXFileReference; fileEncoding = 4; lastKnownFileType = sourcecode.c.h; name = MBPickerView.h; path = iSwim/Tools/MBPicker/MBPickerView.h; sourceTree = "<group>"; };
		2CAC1F511A78E41F00DA4292 /* MBPickerView.m */ = {isa = PBXFileReference; fileEncoding = 4; lastKnownFileType = sourcecode.c.objc; name = MBPickerView.m; path = iSwim/Tools/MBPicker/MBPickerView.m; sourceTree = "<group>"; };
		2CE5DE6D1A806B72003AB0EB /* PersonalRecordTableViewController.h */ = {isa = PBXFileReference; fileEncoding = 4; lastKnownFileType = sourcecode.c.h; path = PersonalRecordTableViewController.h; sourceTree = "<group>"; };
		2CE5DE6E1A806B72003AB0EB /* PersonalRecordTableViewController.m */ = {isa = PBXFileReference; fileEncoding = 4; lastKnownFileType = sourcecode.c.objc; path = PersonalRecordTableViewController.m; sourceTree = "<group>"; };
		57F385774C6FB16BA7C656F1 /* Pods-iSwim.release.xcconfig */ = {isa = PBXFileReference; includeInIndex = 1; lastKnownFileType = text.xcconfig; name = "Pods-iSwim.release.xcconfig"; path = "Pods/Target Support Files/Pods-iSwim/Pods-iSwim.release.xcconfig"; sourceTree = "<group>"; };
		7C320A5E1A775C890023DD06 /* LoginAndRegistVC.h */ = {isa = PBXFileReference; fileEncoding = 4; lastKnownFileType = sourcecode.c.h; path = LoginAndRegistVC.h; sourceTree = "<group>"; };
		7C320A5F1A775C890023DD06 /* LoginAndRegistVC.m */ = {isa = PBXFileReference; fileEncoding = 4; lastKnownFileType = sourcecode.c.objc; path = LoginAndRegistVC.m; sourceTree = "<group>"; };
		7C320A601A775C890023DD06 /* NameAndEmailVC.h */ = {isa = PBXFileReference; fileEncoding = 4; lastKnownFileType = sourcecode.c.h; path = NameAndEmailVC.h; sourceTree = "<group>"; };
		7C320A611A775C890023DD06 /* NameAndEmailVC.m */ = {isa = PBXFileReference; fileEncoding = 4; lastKnownFileType = sourcecode.c.objc; path = NameAndEmailVC.m; sourceTree = "<group>"; };
		7C320A621A775C890023DD06 /* PasswordVC.h */ = {isa = PBXFileReference; fileEncoding = 4; lastKnownFileType = sourcecode.c.h; path = PasswordVC.h; sourceTree = "<group>"; };
		7C320A631A775C890023DD06 /* PasswordVC.m */ = {isa = PBXFileReference; fileEncoding = 4; lastKnownFileType = sourcecode.c.objc; path = PasswordVC.m; sourceTree = "<group>"; };
		7C320A641A775C890023DD06 /* PersonInfoVC.h */ = {isa = PBXFileReference; fileEncoding = 4; lastKnownFileType = sourcecode.c.h; path = PersonInfoVC.h; sourceTree = "<group>"; };
		7C320A651A775C890023DD06 /* PersonInfoVC.m */ = {isa = PBXFileReference; fileEncoding = 4; lastKnownFileType = sourcecode.c.objc; path = PersonInfoVC.m; sourceTree = "<group>"; };
		7C320A6A1A7794AC0023DD06 /* CropImageViewController.h */ = {isa = PBXFileReference; fileEncoding = 4; lastKnownFileType = sourcecode.c.h; path = CropImageViewController.h; sourceTree = "<group>"; };
		7C320A6B1A7794AC0023DD06 /* CropImageViewController.m */ = {isa = PBXFileReference; fileEncoding = 4; lastKnownFileType = sourcecode.c.objc; path = CropImageViewController.m; sourceTree = "<group>"; };
		7C320A6E1A7795610023DD06 /* KICropImageView.h */ = {isa = PBXFileReference; fileEncoding = 4; lastKnownFileType = sourcecode.c.h; path = KICropImageView.h; sourceTree = "<group>"; };
		7C320A6F1A7795610023DD06 /* KICropImageView.m */ = {isa = PBXFileReference; fileEncoding = 4; lastKnownFileType = sourcecode.c.objc; path = KICropImageView.m; sourceTree = "<group>"; };
		7C320A701A7795610023DD06 /* UIImage+KIAdditions.h */ = {isa = PBXFileReference; fileEncoding = 4; lastKnownFileType = sourcecode.c.h; path = "UIImage+KIAdditions.h"; sourceTree = "<group>"; };
		7C320A711A7795610023DD06 /* UIImage+KIAdditions.m */ = {isa = PBXFileReference; fileEncoding = 4; lastKnownFileType = sourcecode.c.objc; path = "UIImage+KIAdditions.m"; sourceTree = "<group>"; };
		7CAB6B3F1A75DF46000C6F99 /* iSwim.app */ = {isa = PBXFileReference; explicitFileType = wrapper.application; includeInIndex = 0; path = iSwim.app; sourceTree = BUILT_PRODUCTS_DIR; };
		7CAB6B431A75DF46000C6F99 /* Info.plist */ = {isa = PBXFileReference; lastKnownFileType = text.plist.xml; path = Info.plist; sourceTree = "<group>"; };
		7CAB6B441A75DF46000C6F99 /* main.m */ = {isa = PBXFileReference; lastKnownFileType = sourcecode.c.objc; path = main.m; sourceTree = "<group>"; };
		7CAB6B461A75DF46000C6F99 /* AppDelegate.h */ = {isa = PBXFileReference; lastKnownFileType = sourcecode.c.h; path = AppDelegate.h; sourceTree = "<group>"; };
		7CAB6B471A75DF46000C6F99 /* AppDelegate.m */ = {isa = PBXFileReference; lastKnownFileType = sourcecode.c.objc; path = AppDelegate.m; sourceTree = "<group>"; };
		7CAB6B4D1A75DF46000C6F99 /* Base */ = {isa = PBXFileReference; lastKnownFileType = file.storyboard; name = Base; path = Base.lproj/Main.storyboard; sourceTree = "<group>"; };
		7CAB6B4F1A75DF46000C6F99 /* Images.xcassets */ = {isa = PBXFileReference; lastKnownFileType = folder.assetcatalog; path = Images.xcassets; sourceTree = "<group>"; };
		7CAB6B521A75DF46000C6F99 /* Base */ = {isa = PBXFileReference; lastKnownFileType = file.xib; name = Base; path = Base.lproj/LaunchScreen.xib; sourceTree = "<group>"; };
		7CAB6B681A75DF5E000C6F99 /* Records.storyboard */ = {isa = PBXFileReference; fileEncoding = 4; lastKnownFileType = file.storyboard; path = Records.storyboard; sourceTree = "<group>"; };
		7CC677761A763DE600FD3287 /* MBLineChart.h */ = {isa = PBXFileReference; fileEncoding = 4; lastKnownFileType = sourcecode.c.h; name = MBLineChart.h; path = iSwim/Tools/MBLineChart.h; sourceTree = "<group>"; };
		7CC677771A763DE600FD3287 /* MBLineChart.m */ = {isa = PBXFileReference; fileEncoding = 4; lastKnownFileType = sourcecode.c.objc; name = MBLineChart.m; path = iSwim/Tools/MBLineChart.m; sourceTree = "<group>"; };
		7CC677791A763E4800FD3287 /* Graph.storyboard */ = {isa = PBXFileReference; fileEncoding = 4; lastKnownFileType = file.storyboard; path = Graph.storyboard; sourceTree = "<group>"; };
		7CC6777B1A763E6400FD3287 /* GraphViewController.h */ = {isa = PBXFileReference; fileEncoding = 4; lastKnownFileType = sourcecode.c.h; path = GraphViewController.h; sourceTree = "<group>"; };
		7CC6777C1A763E6400FD3287 /* GraphViewController.m */ = {isa = PBXFileReference; fileEncoding = 4; lastKnownFileType = sourcecode.c.objc; path = GraphViewController.m; sourceTree = "<group>"; };
		7CC677801A77515B00FD3287 /* BasicInfomationViewController.h */ = {isa = PBXFileReference; fileEncoding = 4; lastKnownFileType = sourcecode.c.h; path = BasicInfomationViewController.h; sourceTree = "<group>"; };
		7CC677811A77515B00FD3287 /* BasicInfomationViewController.m */ = {isa = PBXFileReference; fileEncoding = 4; lastKnownFileType = sourcecode.c.objc; path = BasicInfomationViewController.m; sourceTree = "<group>"; };
		7CC677821A77515B00FD3287 /* BasicInfoViewCell.h */ = {isa = PBXFileReference; fileEncoding = 4; lastKnownFileType = sourcecode.c.h; path = BasicInfoViewCell.h; sourceTree = "<group>"; };
		7CC677831A77515B00FD3287 /* BasicInfoViewCell.m */ = {isa = PBXFileReference; fileEncoding = 4; lastKnownFileType = sourcecode.c.objc; path = BasicInfoViewCell.m; sourceTree = "<group>"; };
		7CC677861A77515B00FD3287 /* ScoreDetailViewController.h */ = {isa = PBXFileReference; fileEncoding = 4; lastKnownFileType = sourcecode.c.h; path = ScoreDetailViewController.h; sourceTree = "<group>"; };
		7CC677871A77515B00FD3287 /* ScoreDetailViewController.m */ = {isa = PBXFileReference; fileEncoding = 4; lastKnownFileType = sourcecode.c.objc; path = ScoreDetailViewController.m; sourceTree = "<group>"; };
		7CC677881A77515B00FD3287 /* ThisBestDetailTableViewCell.h */ = {isa = PBXFileReference; fileEncoding = 4; lastKnownFileType = sourcecode.c.h; path = ThisBestDetailTableViewCell.h; sourceTree = "<group>"; };
		7CC677891A77515B00FD3287 /* ThisBestDetailTableViewCell.m */ = {isa = PBXFileReference; fileEncoding = 4; lastKnownFileType = sourcecode.c.objc; path = ThisBestDetailTableViewCell.m; sourceTree = "<group>"; };
		7CC6778A1A77515B00FD3287 /* ThisBestHeadTableViewCell.h */ = {isa = PBXFileReference; fileEncoding = 4; lastKnownFileType = sourcecode.c.h; path = ThisBestHeadTableViewCell.h; sourceTree = "<group>"; };
		7CC6778B1A77515B00FD3287 /* ThisBestHeadTableViewCell.m */ = {isa = PBXFileReference; fileEncoding = 4; lastKnownFileType = sourcecode.c.objc; path = ThisBestHeadTableViewCell.m; sourceTree = "<group>"; };
		7CC6778C1A77515B00FD3287 /* ThisBestRecordViewController.h */ = {isa = PBXFileReference; fileEncoding = 4; lastKnownFileType = sourcecode.c.h; path = ThisBestRecordViewController.h; sourceTree = "<group>"; };
		7CC6778D1A77515B00FD3287 /* ThisBestRecordViewController.m */ = {isa = PBXFileReference; fileEncoding = 4; lastKnownFileType = sourcecode.c.objc; path = ThisBestRecordViewController.m; sourceTree = "<group>"; };
		7CC6778E1A77515B00FD3287 /* TrainingDetailViewController.h */ = {isa = PBXFileReference; fileEncoding = 4; lastKnownFileType = sourcecode.c.h; path = TrainingDetailViewController.h; sourceTree = "<group>"; };
		7CC6778F1A77515B00FD3287 /* TrainingDetailViewController.m */ = {isa = PBXFileReference; fileEncoding = 4; lastKnownFileType = sourcecode.c.objc; path = TrainingDetailViewController.m; sourceTree = "<group>"; };
		7CC677901A77515B00FD3287 /* TrainingPlanTableViewCell.h */ = {isa = PBXFileReference; fileEncoding = 4; lastKnownFileType = sourcecode.c.h; path = TrainingPlanTableViewCell.h; sourceTree = "<group>"; };
		7CC677911A77515B00FD3287 /* TrainingPlanTableViewCell.m */ = {isa = PBXFileReference; fileEncoding = 4; lastKnownFileType = sourcecode.c.objc; path = TrainingPlanTableViewCell.m; sourceTree = "<group>"; };
		7CC677921A77515B00FD3287 /* TrainingPlanViewController.h */ = {isa = PBXFileReference; fileEncoding = 4; lastKnownFileType = sourcecode.c.h; path = TrainingPlanViewController.h; sourceTree = "<group>"; };
		7CC677931A77515B00FD3287 /* TrainingPlanViewController.m */ = {isa = PBXFileReference; fileEncoding = 4; lastKnownFileType = sourcecode.c.objc; path = TrainingPlanViewController.m; sourceTree = "<group>"; };
		7CDEF5991A7B0DBB006FF48D /* MainViewController.h */ = {isa = PBXFileReference; fileEncoding = 4; lastKnownFileType = sourcecode.c.h; path = MainViewController.h; sourceTree = "<group>"; };
		7CDEF59A1A7B0DBB006FF48D /* MainViewController.m */ = {isa = PBXFileReference; fileEncoding = 4; lastKnownFileType = sourcecode.c.objc; path = MainViewController.m; sourceTree = "<group>"; };
		7CDEF59C1A7B2743006FF48D /* MyRecordViewController.h */ = {isa = PBXFileReference; fileEncoding = 4; lastKnownFileType = sourcecode.c.h; path = MyRecordViewController.h; sourceTree = "<group>"; };
		7CDEF59D1A7B2743006FF48D /* MyRecordViewController.m */ = {isa = PBXFileReference; fileEncoding = 4; lastKnownFileType = sourcecode.c.objc; path = MyRecordViewController.m; sourceTree = "<group>"; };
		7CDEF59F1A7B28AA006FF48D /* PointsViewController.h */ = {isa = PBXFileReference; fileEncoding = 4; lastKnownFileType = sourcecode.c.h; path = PointsViewController.h; sourceTree = "<group>"; };
		7CDEF5A01A7B28AA006FF48D /* PointsViewController.m */ = {isa = PBXFileReference; fileEncoding = 4; lastKnownFileType = sourcecode.c.objc; path = PointsViewController.m; sourceTree = "<group>"; };
		7CDEF5A51A7B2A79006FF48D /* TrainingRecordsViewController.h */ = {isa = PBXFileReference; fileEncoding = 4; lastKnownFileType = sourcecode.c.h; path = TrainingRecordsViewController.h; sourceTree = "<group>"; };
		7CDEF5A61A7B2A79006FF48D /* TrainingRecordsViewController.m */ = {isa = PBXFileReference; fileEncoding = 4; lastKnownFileType = sourcecode.c.objc; path = TrainingRecordsViewController.m; sourceTree = "<group>"; };
		7CEB26981A805B88003221E0 /* HttpJsonManager.h */ = {isa = PBXFileReference; fileEncoding = 4; lastKnownFileType = sourcecode.c.h; path = HttpJsonManager.h; sourceTree = "<group>"; };
		7CEB26991A805B88003221E0 /* HttpJsonManager.m */ = {isa = PBXFileReference; fileEncoding = 4; lastKnownFileType = sourcecode.c.objc; path = HttpJsonManager.m; sourceTree = "<group>"; };
		7CEB269C1A805BBB003221E0 /* XMProgressHUD.h */ = {isa = PBXFileReference; fileEncoding = 4; lastKnownFileType = sourcecode.c.h; path = XMProgressHUD.h; sourceTree = "<group>"; };
		7CEB269D1A805BBB003221E0 /* XMProgressHUD.m */ = {isa = PBXFileReference; fileEncoding = 4; lastKnownFileType = sourcecode.c.objc; path = XMProgressHUD.m; sourceTree = "<group>"; };
		BDB6D6BDC0E11EBBE26CA79E /* libPods-iSwim.a */ = {isa = PBXFileReference; explicitFileType = archive.ar; includeInIndex = 0; path = "libPods-iSwim.a"; sourceTree = BUILT_PRODUCTS_DIR; };
/* End PBXFileReference section */

/* Begin PBXFrameworksBuildPhase section */
		7CAB6B3C1A75DF46000C6F99 /* Frameworks */ = {
			isa = PBXFrameworksBuildPhase;
			buildActionMask = 2147483647;
			files = (
				4D2D26005B7E6134011AAE39 /* libPods-iSwim.a in Frameworks */,
			);
			runOnlyForDeploymentPostprocessing = 0;
		};
/* End PBXFrameworksBuildPhase section */

/* Begin PBXGroup section */
		0C1E1E001A79B87200CDAA4F /* Login&Regist */ = {
			isa = PBXGroup;
			children = (
				7C320A5E1A775C890023DD06 /* LoginAndRegistVC.h */,
				7C320A5F1A775C890023DD06 /* LoginAndRegistVC.m */,
				7C320A621A775C890023DD06 /* PasswordVC.h */,
				7C320A631A775C890023DD06 /* PasswordVC.m */,
				7C320A601A775C890023DD06 /* NameAndEmailVC.h */,
				7C320A611A775C890023DD06 /* NameAndEmailVC.m */,
				0C28E6781A776CC6006A2EE8 /* HeightAndWeightVC.h */,
				0C28E6791A776CC6006A2EE8 /* HeightAndWeightVC.m */,
				0C28E67B1A77981D006A2EE8 /* BirthdayDateVC.h */,
				0C28E67C1A77981D006A2EE8 /* BirthdayDateVC.m */,
			);
			name = "Login&Regist";
			sourceTree = "<group>";
		};
		2CAC1F3B1A78B92800DA4292 /* Views */ = {
			isa = PBXGroup;
			children = (
				2CAC1F381A78AFEA00DA4292 /* TwoLabelTableViewCell.h */,
				2CAC1F391A78AFEA00DA4292 /* TwoLabelTableViewCell.m */,
				2CAC1F3D1A78C0D200DA4292 /* PaimingTableViewCell.h */,
				2CAC1F3E1A78C0D200DA4292 /* PaimingTableViewCell.m */,
				2C55F0861A77B1530077189D /* TrainingEventsTableViewCell.h */,
				2C55F0871A77B1530077189D /* TrainingEventsTableViewCell.m */,
				7CC677821A77515B00FD3287 /* BasicInfoViewCell.h */,
				7CC677831A77515B00FD3287 /* BasicInfoViewCell.m */,
				2C55F0801A77AC1C0077189D /* JifenTableViewCell.h */,
				2C55F0811A77AC1C0077189D /* JifenTableViewCell.m */,
				7CC677881A77515B00FD3287 /* ThisBestDetailTableViewCell.h */,
				7CC677891A77515B00FD3287 /* ThisBestDetailTableViewCell.m */,
				7CC6778A1A77515B00FD3287 /* ThisBestHeadTableViewCell.h */,
				7CC6778B1A77515B00FD3287 /* ThisBestHeadTableViewCell.m */,
				7CC677901A77515B00FD3287 /* TrainingPlanTableViewCell.h */,
				7CC677911A77515B00FD3287 /* TrainingPlanTableViewCell.m */,
				2CAC1F431A78C6F100DA4292 /* ThreeLabelTableViewCell.h */,
				2CAC1F441A78C6F100DA4292 /* ThreeLabelTableViewCell.m */,
			);
			name = Views;
			sourceTree = "<group>";
		};
		2CAC1F3C1A78B97400DA4292 /* ViewControllers */ = {
			isa = PBXGroup;
			children = (
				2C55F0831A77ADAC0077189D /* TrainingEventsViewController.h */,
				2C55F0841A77ADAC0077189D /* TrainingEventsViewController.m */,
				2CE5DE6D1A806B72003AB0EB /* PersonalRecordTableViewController.h */,
				2CE5DE6E1A806B72003AB0EB /* PersonalRecordTableViewController.m */,
				2CAC1F4C1A78E1DA00DA4292 /* ChangePlanViewController.h */,
				2CAC1F4D1A78E1DA00DA4292 /* ChangePlanViewController.m */,
				7CC677801A77515B00FD3287 /* BasicInfomationViewController.h */,
				7CC677811A77515B00FD3287 /* BasicInfomationViewController.m */,
				7CC677861A77515B00FD3287 /* ScoreDetailViewController.h */,
				7CC677871A77515B00FD3287 /* ScoreDetailViewController.m */,
				2C55F07D1A77A9BB0077189D /* JifenDetailViewController.h */,
				2C55F07E1A77A9BB0077189D /* JifenDetailViewController.m */,
				7CC6778C1A77515B00FD3287 /* ThisBestRecordViewController.h */,
				7CC6778D1A77515B00FD3287 /* ThisBestRecordViewController.m */,
				7CC6778E1A77515B00FD3287 /* TrainingDetailViewController.h */,
				7CC6778F1A77515B00FD3287 /* TrainingDetailViewController.m */,
				7CC677921A77515B00FD3287 /* TrainingPlanViewController.h */,
				7CC677931A77515B00FD3287 /* TrainingPlanViewController.m */,
				2CAC1F401A78C15400DA4292 /* RankingViewController.h */,
				2CAC1F411A78C15400DA4292 /* RankingViewController.m */,
				7CDEF59C1A7B2743006FF48D /* MyRecordViewController.h */,
				7CDEF59D1A7B2743006FF48D /* MyRecordViewController.m */,
				7CDEF59F1A7B28AA006FF48D /* PointsViewController.h */,
				7CDEF5A01A7B28AA006FF48D /* PointsViewController.m */,
				7CDEF5A51A7B2A79006FF48D /* TrainingRecordsViewController.h */,
				7CDEF5A61A7B2A79006FF48D /* TrainingRecordsViewController.m */,
			);
			name = ViewControllers;
			sourceTree = "<group>";
		};
		2CAC1F4F1A78E3FB00DA4292 /* MBPicker */ = {
			isa = PBXGroup;
			children = (
				2CAC1F501A78E41F00DA4292 /* MBPickerView.h */,
				2CAC1F511A78E41F00DA4292 /* MBPickerView.m */,
				2C2D8B4C1A7A207300A93D57 /* TimePickerView.h */,
				2C2D8B4D1A7A207300A93D57 /* TimePickerView.m */,
			);
			name = MBPicker;
			sourceTree = "<group>";
		};
		3BD184C2E94CED7772834A98 /* Pods */ = {
			isa = PBXGroup;
			children = (
				0A0530D33D4464C20001A680 /* Pods-iSwim.debug.xcconfig */,
				57F385774C6FB16BA7C656F1 /* Pods-iSwim.release.xcconfig */,
			);
			name = Pods;
			sourceTree = "<group>";
		};
		5DEB0ED9765748E48E5B1CD7 /* Frameworks */ = {
			isa = PBXGroup;
			children = (
				BDB6D6BDC0E11EBBE26CA79E /* libPods-iSwim.a */,
			);
			name = Frameworks;
			sourceTree = "<group>";
		};
		7C320A6D1A7795610023DD06 /* CropImageView */ = {
			isa = PBXGroup;
			children = (
				7C320A6E1A7795610023DD06 /* KICropImageView.h */,
				7C320A6F1A7795610023DD06 /* KICropImageView.m */,
				7C320A701A7795610023DD06 /* UIImage+KIAdditions.h */,
				7C320A711A7795610023DD06 /* UIImage+KIAdditions.m */,
			);
			name = CropImageView;
			path = iSwim/Tools/CropImageView;
			sourceTree = "<group>";
		};
		7CAB6B361A75DF46000C6F99 = {
			isa = PBXGroup;
			children = (
				7CC677751A763D9100FD3287 /* Tools */,
				7CAB6B411A75DF46000C6F99 /* iSwim */,
				7CAB6B401A75DF46000C6F99 /* Products */,
				3BD184C2E94CED7772834A98 /* Pods */,
				5DEB0ED9765748E48E5B1CD7 /* Frameworks */,
			);
			sourceTree = "<group>";
		};
		7CAB6B401A75DF46000C6F99 /* Products */ = {
			isa = PBXGroup;
			children = (
				7CAB6B3F1A75DF46000C6F99 /* iSwim.app */,
			);
			name = Products;
			sourceTree = "<group>";
		};
		7CAB6B411A75DF46000C6F99 /* iSwim */ = {
			isa = PBXGroup;
			children = (
				7CED55501A7F753D00C7E01F /* Models */,
				2CAC1F3B1A78B92800DA4292 /* Views */,
				7CED554F1A7F751900C7E01F /* Controllers */,
				7CAB6B461A75DF46000C6F99 /* AppDelegate.h */,
				7CAB6B471A75DF46000C6F99 /* AppDelegate.m */,
				7CC6777B1A763E6400FD3287 /* GraphViewController.h */,
				7CC6777C1A763E6400FD3287 /* GraphViewController.m */,
				7CAB6B4C1A75DF46000C6F99 /* Main.storyboard */,
				7CAB6B681A75DF5E000C6F99 /* Records.storyboard */,
				7CC677791A763E4800FD3287 /* Graph.storyboard */,
				7CAB6B511A75DF46000C6F99 /* LaunchScreen.xib */,
				7CAB6B4F1A75DF46000C6F99 /* Images.xcassets */,
				7CAB6B421A75DF46000C6F99 /* Supporting Files */,
			);
			path = iSwim;
			sourceTree = "<group>";
		};
		7CAB6B421A75DF46000C6F99 /* Supporting Files */ = {
			isa = PBXGroup;
			children = (
				7CAB6B431A75DF46000C6F99 /* Info.plist */,
				7CAB6B441A75DF46000C6F99 /* main.m */,
			);
			name = "Supporting Files";
			sourceTree = "<group>";
		};
		7CC677751A763D9100FD3287 /* Tools */ = {
			isa = PBXGroup;
			children = (
				0CD7EE091A80664C00AD24DC /* Header.h */,
				7CEB269B1A805BBB003221E0 /* MBProgressHUD+Extension */,
				7CEB26971A805B88003221E0 /* HTTP */,
				2CAC1F4F1A78E3FB00DA4292 /* MBPicker */,
				7C320A6D1A7795610023DD06 /* CropImageView */,
				7CC677761A763DE600FD3287 /* MBLineChart.h */,
				7CC677771A763DE600FD3287 /* MBLineChart.m */,
			);
			name = Tools;
			sourceTree = "<group>";
		};
		7CEB26971A805B88003221E0 /* HTTP */ = {
			isa = PBXGroup;
			children = (
				7CEB26981A805B88003221E0 /* HttpJsonManager.h */,
				7CEB26991A805B88003221E0 /* HttpJsonManager.m */,
			);
			name = HTTP;
			path = iSwim/Tools/HTTP;
			sourceTree = "<group>";
		};
		7CEB269B1A805BBB003221E0 /* MBProgressHUD+Extension */ = {
			isa = PBXGroup;
			children = (
				7CEB269C1A805BBB003221E0 /* XMProgressHUD.h */,
				7CEB269D1A805BBB003221E0 /* XMProgressHUD.m */,
			);
			name = "MBProgressHUD+Extension";
			path = "iSwim/Tools/MBProgressHUD+Extension";
			sourceTree = "<group>";
		};
		7CED554F1A7F751900C7E01F /* Controllers */ = {
			isa = PBXGroup;
			children = (
				7CDEF5991A7B0DBB006FF48D /* MainViewController.h */,
				7CDEF59A1A7B0DBB006FF48D /* MainViewController.m */,
				0C1E1E001A79B87200CDAA4F /* Login&Regist */,
				7CF65C121A7A142C0060FDED /* UserCenter */,
				2CAC1F3C1A78B97400DA4292 /* ViewControllers */,
			);
			name = Controllers;
			sourceTree = "<group>";
		};
		7CED55501A7F753D00C7E01F /* Models */ = {
			isa = PBXGroup;
			children = (
			);
			name = Models;
			sourceTree = "<group>";
		};
		7CF65C121A7A142C0060FDED /* UserCenter */ = {
			isa = PBXGroup;
			children = (
				0C9021461A7B550400740536 /* ChangeWeightAndHeightVC.h */,
				0C9021471A7B550400740536 /* ChangeWeightAndHeightVC.m */,
				7C320A6A1A7794AC0023DD06 /* CropImageViewController.h */,
				7C320A6B1A7794AC0023DD06 /* CropImageViewController.m */,
				7C320A641A775C890023DD06 /* PersonInfoVC.h */,
				7C320A651A775C890023DD06 /* PersonInfoVC.m */,
			);
			name = UserCenter;
			sourceTree = "<group>";
		};
/* End PBXGroup section */

/* Begin PBXNativeTarget section */
		7CAB6B3E1A75DF46000C6F99 /* iSwim */ = {
			isa = PBXNativeTarget;
			buildConfigurationList = 7CAB6B621A75DF46000C6F99 /* Build configuration list for PBXNativeTarget "iSwim" */;
			buildPhases = (
				4A49B4EE832892564C43985F /* Check Pods Manifest.lock */,
				7CAB6B3B1A75DF46000C6F99 /* Sources */,
				7CAB6B3C1A75DF46000C6F99 /* Frameworks */,
				7CAB6B3D1A75DF46000C6F99 /* Resources */,
				08B7480C1D9104986A878687 /* Copy Pods Resources */,
			);
			buildRules = (
			);
			dependencies = (
			);
			name = iSwim;
			productName = iSwim;
			productReference = 7CAB6B3F1A75DF46000C6F99 /* iSwim.app */;
			productType = "com.apple.product-type.application";
		};
/* End PBXNativeTarget section */

/* Begin PBXProject section */
		7CAB6B371A75DF46000C6F99 /* Project object */ = {
			isa = PBXProject;
			attributes = {
				LastUpgradeCheck = 0610;
				ORGANIZATIONNAME = "Magic Beans";
				TargetAttributes = {
					7CAB6B3E1A75DF46000C6F99 = {
						CreatedOnToolsVersion = 6.1.1;
						DevelopmentTeam = CM5X9L54C5;
					};
				};
			};
			buildConfigurationList = 7CAB6B3A1A75DF46000C6F99 /* Build configuration list for PBXProject "iSwim" */;
			compatibilityVersion = "Xcode 3.2";
			developmentRegion = English;
			hasScannedForEncodings = 0;
			knownRegions = (
				en,
				Base,
			);
			mainGroup = 7CAB6B361A75DF46000C6F99;
			productRefGroup = 7CAB6B401A75DF46000C6F99 /* Products */;
			projectDirPath = "";
			projectRoot = "";
			targets = (
				7CAB6B3E1A75DF46000C6F99 /* iSwim */,
			);
		};
/* End PBXProject section */

/* Begin PBXResourcesBuildPhase section */
		7CAB6B3D1A75DF46000C6F99 /* Resources */ = {
			isa = PBXResourcesBuildPhase;
			buildActionMask = 2147483647;
			files = (
				7CAB6B4E1A75DF46000C6F99 /* Main.storyboard in Resources */,
				7CAB6B531A75DF46000C6F99 /* LaunchScreen.xib in Resources */,
				7CC6777A1A763E4800FD3287 /* Graph.storyboard in Resources */,
				7CAB6B501A75DF46000C6F99 /* Images.xcassets in Resources */,
				7CAB6B691A75DF5E000C6F99 /* Records.storyboard in Resources */,
			);
			runOnlyForDeploymentPostprocessing = 0;
		};
/* End PBXResourcesBuildPhase section */

/* Begin PBXShellScriptBuildPhase section */
		08B7480C1D9104986A878687 /* Copy Pods Resources */ = {
			isa = PBXShellScriptBuildPhase;
			buildActionMask = 2147483647;
			files = (
			);
			inputPaths = (
			);
			name = "Copy Pods Resources";
			outputPaths = (
			);
			runOnlyForDeploymentPostprocessing = 0;
			shellPath = /bin/sh;
			shellScript = "\"${SRCROOT}/Pods/Target Support Files/Pods-iSwim/Pods-iSwim-resources.sh\"\n";
			showEnvVarsInLog = 0;
		};
		4A49B4EE832892564C43985F /* Check Pods Manifest.lock */ = {
			isa = PBXShellScriptBuildPhase;
			buildActionMask = 2147483647;
			files = (
			);
			inputPaths = (
			);
			name = "Check Pods Manifest.lock";
			outputPaths = (
			);
			runOnlyForDeploymentPostprocessing = 0;
			shellPath = /bin/sh;
			shellScript = "diff \"${PODS_ROOT}/../Podfile.lock\" \"${PODS_ROOT}/Manifest.lock\" > /dev/null\nif [[ $? != 0 ]] ; then\n    cat << EOM\nerror: The sandbox is not in sync with the Podfile.lock. Run 'pod install' or update your CocoaPods installation.\nEOM\n    exit 1\nfi\n";
			showEnvVarsInLog = 0;
		};
/* End PBXShellScriptBuildPhase section */

/* Begin PBXSourcesBuildPhase section */
		7CAB6B3B1A75DF46000C6F99 /* Sources */ = {
			isa = PBXSourcesBuildPhase;
			buildActionMask = 2147483647;
			files = (
				2C55F0821A77AC1C0077189D /* JifenTableViewCell.m in Sources */,
				7CDEF5A71A7B2A79006FF48D /* TrainingRecordsViewController.m in Sources */,
				7C320A671A775C890023DD06 /* NameAndEmailVC.m in Sources */,
				7C320A6C1A7794AC0023DD06 /* CropImageViewController.m in Sources */,
				7CC677781A763DE600FD3287 /* MBLineChart.m in Sources */,
				7CC6779C1A77515B00FD3287 /* TrainingPlanTableViewCell.m in Sources */,
				2CAC1F4E1A78E1DA00DA4292 /* ChangePlanViewController.m in Sources */,
				7CC677991A77515B00FD3287 /* ThisBestHeadTableViewCell.m in Sources */,
				7CC6777D1A763E6400FD3287 /* GraphViewController.m in Sources */,
				7C320A731A7795610023DD06 /* UIImage+KIAdditions.m in Sources */,
				7C320A681A775C890023DD06 /* PasswordVC.m in Sources */,
				2CE5DE6F1A806B72003AB0EB /* PersonalRecordTableViewController.m in Sources */,
				7CAB6B481A75DF46000C6F99 /* AppDelegate.m in Sources */,
				2C2D8B4E1A7A207300A93D57 /* TimePickerView.m in Sources */,
				0C28E67A1A776CC6006A2EE8 /* HeightAndWeightVC.m in Sources */,
				7C320A661A775C890023DD06 /* LoginAndRegistVC.m in Sources */,
				7CC677981A77515B00FD3287 /* ThisBestDetailTableViewCell.m in Sources */,
				2C55F0851A77ADAC0077189D /* TrainingEventsViewController.m in Sources */,
				2C55F07F1A77A9BB0077189D /* JifenDetailViewController.m in Sources */,
				2CAC1F521A78E41F00DA4292 /* MBPickerView.m in Sources */,
				7CDEF59B1A7B0DBB006FF48D /* MainViewController.m in Sources */,
				0C9021481A7B550400740536 /* ChangeWeightAndHeightVC.m in Sources */,
				7C320A721A7795610023DD06 /* KICropImageView.m in Sources */,
				2C55F0881A77B1530077189D /* TrainingEventsTableViewCell.m in Sources */,
				7CC6779D1A77515B00FD3287 /* TrainingPlanViewController.m in Sources */,
				2CAC1F3A1A78AFEA00DA4292 /* TwoLabelTableViewCell.m in Sources */,
				2CAC1F3F1A78C0D200DA4292 /* PaimingTableViewCell.m in Sources */,
				7CC677971A77515B00FD3287 /* ScoreDetailViewController.m in Sources */,
				7CC6779B1A77515B00FD3287 /* TrainingDetailViewController.m in Sources */,
				7CDEF5A11A7B28AA006FF48D /* PointsViewController.m in Sources */,
				7CDEF59E1A7B2743006FF48D /* MyRecordViewController.m in Sources */,
				7CEB269E1A805BBB003221E0 /* XMProgressHUD.m in Sources */,
				7C320A691A775C890023DD06 /* PersonInfoVC.m in Sources */,
				2CAC1F451A78C6F100DA4292 /* ThreeLabelTableViewCell.m in Sources */,
				7CEB269A1A805B88003221E0 /* HttpJsonManager.m in Sources */,
				7CC677941A77515B00FD3287 /* BasicInfomationViewController.m in Sources */,
				7CAB6B451A75DF46000C6F99 /* main.m in Sources */,
				0C28E67D1A77981D006A2EE8 /* BirthdayDateVC.m in Sources */,
				7CC6779A1A77515B00FD3287 /* ThisBestRecordViewController.m in Sources */,
				7CC677951A77515B00FD3287 /* BasicInfoViewCell.m in Sources */,
				2CAC1F421A78C15400DA4292 /* RankingViewController.m in Sources */,
			);
			runOnlyForDeploymentPostprocessing = 0;
		};
/* End PBXSourcesBuildPhase section */

/* Begin PBXVariantGroup section */
		7CAB6B4C1A75DF46000C6F99 /* Main.storyboard */ = {
			isa = PBXVariantGroup;
			children = (
				7CAB6B4D1A75DF46000C6F99 /* Base */,
			);
			name = Main.storyboard;
			sourceTree = "<group>";
		};
		7CAB6B511A75DF46000C6F99 /* LaunchScreen.xib */ = {
			isa = PBXVariantGroup;
			children = (
				7CAB6B521A75DF46000C6F99 /* Base */,
			);
			name = LaunchScreen.xib;
			sourceTree = "<group>";
		};
/* End PBXVariantGroup section */

/* Begin XCBuildConfiguration section */
		7CAB6B601A75DF46000C6F99 /* Debug */ = {
			isa = XCBuildConfiguration;
			buildSettings = {
				ALWAYS_SEARCH_USER_PATHS = NO;
				CLANG_CXX_LANGUAGE_STANDARD = "gnu++0x";
				CLANG_CXX_LIBRARY = "libc++";
				CLANG_ENABLE_MODULES = YES;
				CLANG_ENABLE_OBJC_ARC = YES;
				CLANG_WARN_BOOL_CONVERSION = YES;
				CLANG_WARN_CONSTANT_CONVERSION = YES;
				CLANG_WARN_DIRECT_OBJC_ISA_USAGE = YES_ERROR;
				CLANG_WARN_EMPTY_BODY = YES;
				CLANG_WARN_ENUM_CONVERSION = YES;
				CLANG_WARN_INT_CONVERSION = YES;
				CLANG_WARN_OBJC_ROOT_CLASS = YES_ERROR;
				CLANG_WARN_UNREACHABLE_CODE = YES;
				CLANG_WARN__DUPLICATE_METHOD_MATCH = YES;
				CODE_SIGN_IDENTITY = "iPhone Developer: Shawn Han (ESSVC6V43D)";
				"CODE_SIGN_IDENTITY[sdk=iphoneos*]" = "iPhone Developer: Shawn Han (ESSVC6V43D)";
				COPY_PHASE_STRIP = NO;
				ENABLE_STRICT_OBJC_MSGSEND = YES;
				GCC_C_LANGUAGE_STANDARD = gnu99;
				GCC_DYNAMIC_NO_PIC = NO;
				GCC_OPTIMIZATION_LEVEL = 0;
				GCC_PREPROCESSOR_DEFINITIONS = (
					"DEBUG=1",
					"$(inherited)",
				);
				GCC_SYMBOLS_PRIVATE_EXTERN = NO;
				GCC_WARN_64_TO_32_BIT_CONVERSION = YES;
				GCC_WARN_ABOUT_RETURN_TYPE = YES_ERROR;
				GCC_WARN_UNDECLARED_SELECTOR = YES;
				GCC_WARN_UNINITIALIZED_AUTOS = YES_AGGRESSIVE;
				GCC_WARN_UNUSED_FUNCTION = YES;
				GCC_WARN_UNUSED_VARIABLE = YES;
				IPHONEOS_DEPLOYMENT_TARGET = 8.1;
				MTL_ENABLE_DEBUG_INFO = YES;
				ONLY_ACTIVE_ARCH = YES;
				PROVISIONING_PROFILE = "084b32c5-d72a-4185-a7d6-908771681a78";
				SDKROOT = iphoneos;
			};
			name = Debug;
		};
		7CAB6B611A75DF46000C6F99 /* Release */ = {
			isa = XCBuildConfiguration;
			buildSettings = {
				ALWAYS_SEARCH_USER_PATHS = NO;
				CLANG_CXX_LANGUAGE_STANDARD = "gnu++0x";
				CLANG_CXX_LIBRARY = "libc++";
				CLANG_ENABLE_MODULES = YES;
				CLANG_ENABLE_OBJC_ARC = YES;
				CLANG_WARN_BOOL_CONVERSION = YES;
				CLANG_WARN_CONSTANT_CONVERSION = YES;
				CLANG_WARN_DIRECT_OBJC_ISA_USAGE = YES_ERROR;
				CLANG_WARN_EMPTY_BODY = YES;
				CLANG_WARN_ENUM_CONVERSION = YES;
				CLANG_WARN_INT_CONVERSION = YES;
				CLANG_WARN_OBJC_ROOT_CLASS = YES_ERROR;
				CLANG_WARN_UNREACHABLE_CODE = YES;
				CLANG_WARN__DUPLICATE_METHOD_MATCH = YES;
				CODE_SIGN_IDENTITY = "iPhone Developer: Shawn Han (ESSVC6V43D)";
				"CODE_SIGN_IDENTITY[sdk=iphoneos*]" = "iPhone Developer: Shawn Han (ESSVC6V43D)";
				COPY_PHASE_STRIP = YES;
				ENABLE_NS_ASSERTIONS = NO;
				ENABLE_STRICT_OBJC_MSGSEND = YES;
				GCC_C_LANGUAGE_STANDARD = gnu99;
				GCC_WARN_64_TO_32_BIT_CONVERSION = YES;
				GCC_WARN_ABOUT_RETURN_TYPE = YES_ERROR;
				GCC_WARN_UNDECLARED_SELECTOR = YES;
				GCC_WARN_UNINITIALIZED_AUTOS = YES_AGGRESSIVE;
				GCC_WARN_UNUSED_FUNCTION = YES;
				GCC_WARN_UNUSED_VARIABLE = YES;
				IPHONEOS_DEPLOYMENT_TARGET = 8.1;
				MTL_ENABLE_DEBUG_INFO = NO;
				PROVISIONING_PROFILE = "084b32c5-d72a-4185-a7d6-908771681a78";
				SDKROOT = iphoneos;
				VALIDATE_PRODUCT = YES;
			};
			name = Release;
		};
		7CAB6B631A75DF46000C6F99 /* Debug */ = {
			isa = XCBuildConfiguration;
			baseConfigurationReference = 0A0530D33D4464C20001A680 /* Pods-iSwim.debug.xcconfig */;
			buildSettings = {
				ASSETCATALOG_COMPILER_APPICON_NAME = AppIcon;
				CODE_SIGN_IDENTITY = "iPhone Developer";
				"CODE_SIGN_IDENTITY[sdk=iphoneos*]" = "iPhone Developer";
				INFOPLIST_FILE = iSwim/Info.plist;
				LD_RUNPATH_SEARCH_PATHS = "$(inherited) @executable_path/Frameworks";
				PRODUCT_NAME = "$(TARGET_NAME)";
				PROVISIONING_PROFILE = "";
			};
			name = Debug;
		};
		7CAB6B641A75DF46000C6F99 /* Release */ = {
			isa = XCBuildConfiguration;
			baseConfigurationReference = 57F385774C6FB16BA7C656F1 /* Pods-iSwim.release.xcconfig */;
			buildSettings = {
				ASSETCATALOG_COMPILER_APPICON_NAME = AppIcon;
				CODE_SIGN_IDENTITY = "iPhone Developer";
				"CODE_SIGN_IDENTITY[sdk=iphoneos*]" = "iPhone Developer";
				INFOPLIST_FILE = iSwim/Info.plist;
				LD_RUNPATH_SEARCH_PATHS = "$(inherited) @executable_path/Frameworks";
				PRODUCT_NAME = "$(TARGET_NAME)";
				PROVISIONING_PROFILE = "";
			};
			name = Release;
		};
/* End XCBuildConfiguration section */

/* Begin XCConfigurationList section */
		7CAB6B3A1A75DF46000C6F99 /* Build configuration list for PBXProject "iSwim" */ = {
			isa = XCConfigurationList;
			buildConfigurations = (
				7CAB6B601A75DF46000C6F99 /* Debug */,
				7CAB6B611A75DF46000C6F99 /* Release */,
			);
			defaultConfigurationIsVisible = 0;
			defaultConfigurationName = Release;
		};
		7CAB6B621A75DF46000C6F99 /* Build configuration list for PBXNativeTarget "iSwim" */ = {
			isa = XCConfigurationList;
			buildConfigurations = (
				7CAB6B631A75DF46000C6F99 /* Debug */,
				7CAB6B641A75DF46000C6F99 /* Release */,
			);
			defaultConfigurationIsVisible = 0;
			defaultConfigurationName = Release;
		};
/* End XCConfigurationList section */
	};
	rootObject = 7CAB6B371A75DF46000C6F99 /* Project object */;
}
